
Microsoft Visual Studio Solution File, Format Version 11.00
# Visual Studio 2010
Project("{FAE04EC0-301F-11D3-BF4B-00C04F79EFBC}") = "Assembly-CSharp", "Assembly-CSharp.csproj", "{3780E17F-BE58-2D34-7F82-025079F3EAAD}"
EndProject
Project("{FAE04EC0-301F-11D3-BF4B-00C04F79EFBC}") = "PlayModeTests", "PlayModeTests.csproj", "{C39EF5A9-834E-1B86-22FE-564710D42E65}"
EndProject
Project("{FAE04EC0-301F-11D3-BF4B-00C04F79EFBC}") = "EditModeTests", "EditModeTests.csproj", "{EE1BC49B-21E9-AE64-3D8B-3D277ACEFC96}"
EndProject
Global
	GlobalSection(SolutionConfigurationPlatforms) = preSolution
		Debug|Any CPU = Debug|Any CPU
		Release|Any CPU = Release|Any CPU
	EndGlobalSection
	GlobalSection(ProjectConfigurationPlatforms) = postSolution
		{3780E17F-BE58-2D34-7F82-025079F3EAAD}.Debug|Any CPU.ActiveCfg = Debug|Any CPU
		{3780E17F-BE58-2D34-7F82-025079F3EAAD}.Debug|Any CPU.Build.0 = Debug|Any CPU
		{3780E17F-BE58-2D34-7F82-025079F3EAAD}.Release|Any CPU.ActiveCfg = Release|Any CPU
		{3780E17F-BE58-2D34-7F82-025079F3EAAD}.Release|Any CPU.Build.0 = Release|Any CPU
		{C39EF5A9-834E-1B86-22FE-564710D42E65}.Debug|Any CPU.ActiveCfg = Debug|Any CPU
		{C39EF5A9-834E-1B86-22FE-564710D42E65}.Debug|Any CPU.Build.0 = Debug|Any CPU
		{C39EF5A9-834E-1B86-22FE-564710D42E65}.Release|Any CPU.ActiveCfg = Release|Any CPU
		{C39EF5A9-834E-1B86-22FE-564710D42E65}.Release|Any CPU.Build.0 = Release|Any CPU
		{EE1BC49B-21E9-AE64-3D8B-3D277ACEFC96}.Debug|Any CPU.ActiveCfg = Debug|Any CPU
		{EE1BC49B-21E9-AE64-3D8B-3D277ACEFC96}.Debug|Any CPU.Build.0 = Debug|Any CPU
		{EE1BC49B-21E9-AE64-3D8B-3D277ACEFC96}.Release|Any CPU.ActiveCfg = Release|Any CPU
		{EE1BC49B-21E9-AE64-3D8B-3D277ACEFC96}.Release|Any CPU.Build.0 = Release|Any CPU
	EndGlobalSection
	GlobalSection(SolutionProperties) = preSolution
		HideSolutionNode = FALSE
	EndGlobalSection
	GlobalSection(MonoDevelopProperties) = preSolution
		StartupItem = Assembly-CSharp.csproj
	EndGlobalSection
EndGlobal
